PODS:
  - shared (1.0.0)
  - TZImagePickerController (3.8.4):
    - TZImagePickerController/Basic (= 3.8.4)
    - TZImagePickerController/Location (= 3.8.4)
  - TZImagePickerController/Basic (3.8.4)
  - TZImagePickerController/Location (3.8.4)

DEPENDENCIES:
  - shared (from `../shared`)
  - TZImagePickerController

SPEC REPOS:
  trunk:
    - TZImagePickerController

EXTERNAL SOURCES:
  shared:
    :path: "../shared"

SPEC CHECKSUMS:
  shared: b930a3d6bc3d024ee5a70a4b1179397c33bc40e9
  TZImagePickerController: f1c9f1cae6ac0e30b31aaa9698f9bf4a7cf5b84f

PODFILE CHECKSUM: 92e204791f3bd34eac59dbf1602883f6dc44f151

COCOAPODS: 1.12.1
